
Microsoft Visual Studio Solution File, Format Version 12.00
# Visual Studio Version 17
VisualStudioVersion = 17.7.34024.191
MinimumVisualStudioVersion = 10.0.40219.1
Project("{2150E333-8FDC-42A3-9474-1A3956D46DE8}") = "Task0", "Task0", "{9D96229D-CB2C-4F6A-B96C-0A743AAFEC33}"
EndProject
Project("{9A19103F-16F7-4668-BE54-9A1E7A4F7556}") = "Tyuiu.SosninFM.Sprint1.Task0.V14", "Tyuiu.SosninFM.Sprint1.Task0.V14\Tyuiu.SosninFM.Sprint1.Task0.V14.csproj", "{35904964-1BD1-47EA-A245-79790CF3D89D}"
EndProject
Project("{9A19103F-16F7-4668-BE54-9A1E7A4F7556}") = "Tyuiu.SosninFM.Sprint1.Task0.V14.Lib", "Tyuiu.SosninFM.Sprint1.Task0.V14.Lib\Tyuiu.SosninFM.Sprint1.Task0.V14.Lib.csproj", "{CF292ED2-A76D-4860-B77C-E1B572E341B0}"
EndProject
Project("{9A19103F-16F7-4668-BE54-9A1E7A4F7556}") = "Tyuiu.SosninFM.Sprint1.Task0.V14.Test", "Tyuiu.SosninFM.Sprint1.Task0.V14.Test\Tyuiu.SosninFM.Sprint1.Task0.V14.Test.csproj", "{A246FC9F-2963-4E49-B2E8-50540650BE48}"
EndProject
Project("{2150E333-8FDC-42A3-9474-1A3956D46DE8}") = "Task1", "Task1", "{16800BDE-9717-4CED-A666-229D1B1892E8}"
EndProject
Project("{9A19103F-16F7-4668-BE54-9A1E7A4F7556}") = "Tyuiu.SosninFM.Sprint1.Task1.V7.Test", "Tyuiu.SosninFM.Sprint1.Task1.V7.Test\Tyuiu.SosninFM.Sprint1.Task1.V7.Test.csproj", "{FFD81ABC-39E4-4ECA-B2B8-4E4896698647}"
EndProject
Project("{9A19103F-16F7-4668-BE54-9A1E7A4F7556}") = "Tyuiu.SosninFM.Sprint1.Task1.V7.Lib", "Tyuiu.SosninFM.Sprint1.Task1.V7.Lib\Tyuiu.SosninFM.Sprint1.Task1.V7.Lib.csproj", "{BAEF030E-801E-4FE0-BDF4-817E24ECDD32}"
EndProject
Project("{9A19103F-16F7-4668-BE54-9A1E7A4F7556}") = "Tyuiu.SosninFM.Sprint1.Task1.V7", "Tyuiu.SosninFM.Sprint1.Task1.V7\Tyuiu.SosninFM.Sprint1.Task1.V7.csproj", "{918E60A7-E28B-4A83-A5FC-C8934CE2A52C}"
EndProject
Project("{2150E333-8FDC-42A3-9474-1A3956D46DE8}") = "Task3", "Task3", "{61DE6F77-5A2C-4903-AEA3-53DE9F3DBC09}"
EndProject
Project("{9A19103F-16F7-4668-BE54-9A1E7A4F7556}") = "Tyuiu.SosninFM.Sprint1.Task3.V13", "Tyuiu.SosninFM.Sprint1.Task3.V13\Tyuiu.SosninFM.Sprint1.Task3.V13.csproj", "{B9573884-13A9-42D0-8B12-1C2154BB5BA8}"
EndProject
Project("{9A19103F-16F7-4668-BE54-9A1E7A4F7556}") = "Tyuiu.SosninFM.Sprint1.Task3.V13.Test", "Tyuiu.SosninFM.Sprint1.Task3.V13.Test\Tyuiu.SosninFM.Sprint1.Task3.V13.Test.csproj", "{73691514-A03A-493B-BEA2-BBFF3FAAD634}"
EndProject
Project("{9A19103F-16F7-4668-BE54-9A1E7A4F7556}") = "Tyuiu.SosninFM.Sprint1.Task3.V13.Lib", "Tyuiu.SosninFM.Sprint1.Task3.V13.Lib\Tyuiu.SosninFM.Sprint1.Task3.V13.Lib.csproj", "{25CDBB20-8E5D-4309-AE5C-30A0062299B9}"
EndProject
Project("{2150E333-8FDC-42A3-9474-1A3956D46DE8}") = "Task2", "Task2", "{E70020C5-754B-460E-9D7A-20059357D61D}"
EndProject
Project("{9A19103F-16F7-4668-BE54-9A1E7A4F7556}") = "Tyuiu.SosninFM.Sprint1.Task2.V13", "Tyuiu.SosninFM.Sprint1.Task2.V13\Tyuiu.SosninFM.Sprint1.Task2.V13.csproj", "{FB598194-4F46-4189-A2E9-E4CE1F47B831}"
EndProject
Project("{9A19103F-16F7-4668-BE54-9A1E7A4F7556}") = "Tyuiu.SosninFM.Sprint1.Task2.V13.Lib", "Tyuiu.SosninFM.Sprint1.Task2.V13.Lib\Tyuiu.SosninFM.Sprint1.Task2.V13.Lib.csproj", "{0B9B8A7D-278D-4623-A8F1-A1BC394A52ED}"
EndProject
Project("{9A19103F-16F7-4668-BE54-9A1E7A4F7556}") = "Tyuiu.SosninFM.Sprint1.Task2.V13.Test", "Tyuiu.SosninFM.Sprint1.Task2.V13.Test\Tyuiu.SosninFM.Sprint1.Task2.V13.Test.csproj", "{2B348B98-CDB8-4CEC-9B59-A94FA1C97DFE}"
EndProject
Project("{2150E333-8FDC-42A3-9474-1A3956D46DE8}") = "Task4", "Task4", "{BEB87AF1-20E9-4F6E-BD80-BEF1A03104BC}"
EndProject
Project("{9A19103F-16F7-4668-BE54-9A1E7A4F7556}") = "Tyuiu.SosninFM.Sprint1.Task4.V18", "Tyuiu.SosninFM.Sprint1.Task4.V18\Tyuiu.SosninFM.Sprint1.Task4.V18.csproj", "{9331042B-8298-4645-B90E-7950E96EC7CF}"
EndProject
Project("{9A19103F-16F7-4668-BE54-9A1E7A4F7556}") = "Tyuiu.SosninFM.Sprint1.Task4.V18.Test", "Tyuiu.SosninFM.Sprint1.Task4.V18.Test\Tyuiu.SosninFM.Sprint1.Task4.V18.Test.csproj", "{D175F0C8-F4D1-4EA6-A70A-5A9B2D58EF1D}"
EndProject
Project("{9A19103F-16F7-4668-BE54-9A1E7A4F7556}") = "Tyuiu.SosninFM.Sprint1.Task4.V18.Lib", "Tyuiu.SosninFM.Sprint1.Task4.V18.Lib\Tyuiu.SosninFM.Sprint1.Task4.V18.Lib.csproj", "{E6D72D6B-3D7D-4EB4-8A3D-3919512D0D77}"
EndProject
Project("{2150E333-8FDC-42A3-9474-1A3956D46DE8}") = "Task5", "Task5", "{F4E8BC41-FA40-4629-A2FE-CDD21147DBA6}"
EndProject
Project("{9A19103F-16F7-4668-BE54-9A1E7A4F7556}") = "Tyuiu.SosninFM.Sprint1.Task5.V1.Lib", "Tyuiu.SosninFM.Sprint1.Task5.V1.Lib\Tyuiu.SosninFM.Sprint1.Task5.V1.Lib.csproj", "{045A2508-CCBD-4B3A-A126-554E064423A4}"
EndProject
Project("{9A19103F-16F7-4668-BE54-9A1E7A4F7556}") = "Tyuiu.SosninFM.Sprint1.Task5.V1.Test", "Tyuiu.SosninFM.Sprint1.Task5.V1.Test\Tyuiu.SosninFM.Sprint1.Task5.V1.Test.csproj", "{3BC27E6E-D852-4736-9531-163B2D1CA9EB}"
EndProject
Project("{9A19103F-16F7-4668-BE54-9A1E7A4F7556}") = "Tyuiu.SosninFM.Sprint1.Task5.V1", "Tyuiu.SosninFM.Sprint1.Task5.V1\Tyuiu.SosninFM.Sprint1.Task5.V1.csproj", "{D7670377-938F-4E76-889A-8A3397336168}"
EndProject
Project("{2150E333-8FDC-42A3-9474-1A3956D46DE8}") = "Task6", "Task6", "{506DC321-1897-4830-BC5E-E24673FAB018}"
EndProject
Project("{9A19103F-16F7-4668-BE54-9A1E7A4F7556}") = "Tyuiu.SosninFM.Sprint1.Task6.V2", "Tyuiu.SosninFM.Sprint1.Task6.V2\Tyuiu.SosninFM.Sprint1.Task6.V2.csproj", "{F1414FDF-86A7-4AF1-8DA2-AD3E5A8C3DD5}"
EndProject
Project("{9A19103F-16F7-4668-BE54-9A1E7A4F7556}") = "Tyuiu.SosninFM.Sprint1.Task6.V2.Test", "Tyuiu.SosninFM.Sprint1.Task6.V2.Test\Tyuiu.SosninFM.Sprint1.Task6.V2.Test.csproj", "{1E04B136-1CC5-4D68-8A0D-5CB2E103ABF5}"
EndProject
Project("{9A19103F-16F7-4668-BE54-9A1E7A4F7556}") = "Tyuiu.SosninFM.Sprint1.Task6.V2.Lib", "Tyuiu.SosninFM.Sprint1.Task6.V2.Lib\Tyuiu.SosninFM.Sprint1.Task6.V2.Lib.csproj", "{C521CCFB-21A3-4BC9-8EA6-EFB40A864B8A}"
EndProject
Project("{2150E333-8FDC-42A3-9474-1A3956D46DE8}") = "Task7", "Task7", "{733E9ECD-DF56-4CC8-8569-A4BDD47106D3}"
EndProject
Project("{FAE04EC0-301F-11D3-BF4B-00C04F79EFBC}") = "Tyuiu.SosninFM.Sprint1.Task7.V14.Lib", "Tyuiu.SosninFM.Sprint1.Task7.V14.Lib\Tyuiu.SosninFM.Sprint1.Task7.V14.Lib.csproj", "{C1C18CD5-FE39-4118-BD2D-28E50DC4964C}"
EndProject
Project("{FAE04EC0-301F-11D3-BF4B-00C04F79EFBC}") = "Tyuiu.SosninFM.Sprint1.Task7.V14.Test", "Tyuiu.SosninFM.Sprint1.Task7.V14.Test\Tyuiu.SosninFM.Sprint1.Task7.V14.Test.csproj", "{D87C1DC6-5725-4AED-980A-DC5224E21D72}"
EndProject
Project("{FAE04EC0-301F-11D3-BF4B-00C04F79EFBC}") = "Tyuiu.SosninFM.Sprint1.Task7.V14", "Tyuiu.SosninFM.Sprint1.Task7.V14\Tyuiu.SosninFM.Sprint1.Task7.V14.csproj", "{7C63B311-AD1B-4D82-BD98-403EBFC41F94}"
EndProject
Global
	GlobalSection(SolutionConfigurationPlatforms) = preSolution
		Debug|Any CPU = Debug|Any CPU
		Release|Any CPU = Release|Any CPU
	EndGlobalSection
	GlobalSection(ProjectConfigurationPlatforms) = postSolution
		{35904964-1BD1-47EA-A245-79790CF3D89D}.Debug|Any CPU.ActiveCfg = Debug|Any CPU
		{35904964-1BD1-47EA-A245-79790CF3D89D}.Debug|Any CPU.Build.0 = Debug|Any CPU
		{35904964-1BD1-47EA-A245-79790CF3D89D}.Release|Any CPU.ActiveCfg = Release|Any CPU
		{35904964-1BD1-47EA-A245-79790CF3D89D}.Release|Any CPU.Build.0 = Release|Any CPU
		{CF292ED2-A76D-4860-B77C-E1B572E341B0}.Debug|Any CPU.ActiveCfg = Debug|Any CPU
		{CF292ED2-A76D-4860-B77C-E1B572E341B0}.Debug|Any CPU.Build.0 = Debug|Any CPU
		{CF292ED2-A76D-4860-B77C-E1B572E341B0}.Release|Any CPU.ActiveCfg = Release|Any CPU
		{CF292ED2-A76D-4860-B77C-E1B572E341B0}.Release|Any CPU.Build.0 = Release|Any CPU
		{A246FC9F-2963-4E49-B2E8-50540650BE48}.Debug|Any CPU.ActiveCfg = Debug|Any CPU
		{A246FC9F-2963-4E49-B2E8-50540650BE48}.Debug|Any CPU.Build.0 = Debug|Any CPU
		{A246FC9F-2963-4E49-B2E8-50540650BE48}.Release|Any CPU.ActiveCfg = Release|Any CPU
		{A246FC9F-2963-4E49-B2E8-50540650BE48}.Release|Any CPU.Build.0 = Release|Any CPU
		{FFD81ABC-39E4-4ECA-B2B8-4E4896698647}.Debug|Any CPU.ActiveCfg = Debug|Any CPU
		{FFD81ABC-39E4-4ECA-B2B8-4E4896698647}.Debug|Any CPU.Build.0 = Debug|Any CPU
		{FFD81ABC-39E4-4ECA-B2B8-4E4896698647}.Release|Any CPU.ActiveCfg = Release|Any CPU
		{FFD81ABC-39E4-4ECA-B2B8-4E4896698647}.Release|Any CPU.Build.0 = Release|Any CPU
		{BAEF030E-801E-4FE0-BDF4-817E24ECDD32}.Debug|Any CPU.ActiveCfg = Debug|Any CPU
		{BAEF030E-801E-4FE0-BDF4-817E24ECDD32}.Debug|Any CPU.Build.0 = Debug|Any CPU
		{BAEF030E-801E-4FE0-BDF4-817E24ECDD32}.Release|Any CPU.ActiveCfg = Release|Any CPU
		{BAEF030E-801E-4FE0-BDF4-817E24ECDD32}.Release|Any CPU.Build.0 = Release|Any CPU
		{918E60A7-E28B-4A83-A5FC-C8934CE2A52C}.Debug|Any CPU.ActiveCfg = Debug|Any CPU
		{918E60A7-E28B-4A83-A5FC-C8934CE2A52C}.Debug|Any CPU.Build.0 = Debug|Any CPU
		{918E60A7-E28B-4A83-A5FC-C8934CE2A52C}.Release|Any CPU.ActiveCfg = Release|Any CPU
		{918E60A7-E28B-4A83-A5FC-C8934CE2A52C}.Release|Any CPU.Build.0 = Release|Any CPU
		{B9573884-13A9-42D0-8B12-1C2154BB5BA8}.Debug|Any CPU.ActiveCfg = Debug|Any CPU
		{B9573884-13A9-42D0-8B12-1C2154BB5BA8}.Debug|Any CPU.Build.0 = Debug|Any CPU
		{B9573884-13A9-42D0-8B12-1C2154BB5BA8}.Release|Any CPU.ActiveCfg = Release|Any CPU
		{B9573884-13A9-42D0-8B12-1C2154BB5BA8}.Release|Any CPU.Build.0 = Release|Any CPU
		{73691514-A03A-493B-BEA2-BBFF3FAAD634}.Debug|Any CPU.ActiveCfg = Debug|Any CPU
		{73691514-A03A-493B-BEA2-BBFF3FAAD634}.Debug|Any CPU.Build.0 = Debug|Any CPU
		{73691514-A03A-493B-BEA2-BBFF3FAAD634}.Release|Any CPU.ActiveCfg = Release|Any CPU
		{73691514-A03A-493B-BEA2-BBFF3FAAD634}.Release|Any CPU.Build.0 = Release|Any CPU
		{25CDBB20-8E5D-4309-AE5C-30A0062299B9}.Debug|Any CPU.ActiveCfg = Debug|Any CPU
		{25CDBB20-8E5D-4309-AE5C-30A0062299B9}.Debug|Any CPU.Build.0 = Debug|Any CPU
		{25CDBB20-8E5D-4309-AE5C-30A0062299B9}.Release|Any CPU.ActiveCfg = Release|Any CPU
		{25CDBB20-8E5D-4309-AE5C-30A0062299B9}.Release|Any CPU.Build.0 = Release|Any CPU
		{FB598194-4F46-4189-A2E9-E4CE1F47B831}.Debug|Any CPU.ActiveCfg = Debug|Any CPU
		{FB598194-4F46-4189-A2E9-E4CE1F47B831}.Debug|Any CPU.Build.0 = Debug|Any CPU
		{FB598194-4F46-4189-A2E9-E4CE1F47B831}.Release|Any CPU.ActiveCfg = Release|Any CPU
		{FB598194-4F46-4189-A2E9-E4CE1F47B831}.Release|Any CPU.Build.0 = Release|Any CPU
		{0B9B8A7D-278D-4623-A8F1-A1BC394A52ED}.Debug|Any CPU.ActiveCfg = Debug|Any CPU
		{0B9B8A7D-278D-4623-A8F1-A1BC394A52ED}.Debug|Any CPU.Build.0 = Debug|Any CPU
		{0B9B8A7D-278D-4623-A8F1-A1BC394A52ED}.Release|Any CPU.ActiveCfg = Release|Any CPU
		{0B9B8A7D-278D-4623-A8F1-A1BC394A52ED}.Release|Any CPU.Build.0 = Release|Any CPU
		{2B348B98-CDB8-4CEC-9B59-A94FA1C97DFE}.Debug|Any CPU.ActiveCfg = Debug|Any CPU
		{2B348B98-CDB8-4CEC-9B59-A94FA1C97DFE}.Debug|Any CPU.Build.0 = Debug|Any CPU
		{2B348B98-CDB8-4CEC-9B59-A94FA1C97DFE}.Release|Any CPU.ActiveCfg = Release|Any CPU
		{2B348B98-CDB8-4CEC-9B59-A94FA1C97DFE}.Release|Any CPU.Build.0 = Release|Any CPU
		{9331042B-8298-4645-B90E-7950E96EC7CF}.Debug|Any CPU.ActiveCfg = Debug|Any CPU
		{9331042B-8298-4645-B90E-7950E96EC7CF}.Debug|Any CPU.Build.0 = Debug|Any CPU
		{9331042B-8298-4645-B90E-7950E96EC7CF}.Release|Any CPU.ActiveCfg = Release|Any CPU
		{9331042B-8298-4645-B90E-7950E96EC7CF}.Release|Any CPU.Build.0 = Release|Any CPU
		{D175F0C8-F4D1-4EA6-A70A-5A9B2D58EF1D}.Debug|Any CPU.ActiveCfg = Debug|Any CPU
		{D175F0C8-F4D1-4EA6-A70A-5A9B2D58EF1D}.Debug|Any CPU.Build.0 = Debug|Any CPU
		{D175F0C8-F4D1-4EA6-A70A-5A9B2D58EF1D}.Release|Any CPU.ActiveCfg = Release|Any CPU
		{D175F0C8-F4D1-4EA6-A70A-5A9B2D58EF1D}.Release|Any CPU.Build.0 = Release|Any CPU
		{E6D72D6B-3D7D-4EB4-8A3D-3919512D0D77}.Debug|Any CPU.ActiveCfg = Debug|Any CPU
		{E6D72D6B-3D7D-4EB4-8A3D-3919512D0D77}.Debug|Any CPU.Build.0 = Debug|Any CPU
		{E6D72D6B-3D7D-4EB4-8A3D-3919512D0D77}.Release|Any CPU.ActiveCfg = Release|Any CPU
		{E6D72D6B-3D7D-4EB4-8A3D-3919512D0D77}.Release|Any CPU.Build.0 = Release|Any CPU
		{045A2508-CCBD-4B3A-A126-554E064423A4}.Debug|Any CPU.ActiveCfg = Debug|Any CPU
		{045A2508-CCBD-4B3A-A126-554E064423A4}.Debug|Any CPU.Build.0 = Debug|Any CPU
		{045A2508-CCBD-4B3A-A126-554E064423A4}.Release|Any CPU.ActiveCfg = Release|Any CPU
		{045A2508-CCBD-4B3A-A126-554E064423A4}.Release|Any CPU.Build.0 = Release|Any CPU
		{3BC27E6E-D852-4736-9531-163B2D1CA9EB}.Debug|Any CPU.ActiveCfg = Debug|Any CPU
		{3BC27E6E-D852-4736-9531-163B2D1CA9EB}.Debug|Any CPU.Build.0 = Debug|Any CPU
		{3BC27E6E-D852-4736-9531-163B2D1CA9EB}.Release|Any CPU.ActiveCfg = Release|Any CPU
		{3BC27E6E-D852-4736-9531-163B2D1CA9EB}.Release|Any CPU.Build.0 = Release|Any CPU
		{D7670377-938F-4E76-889A-8A3397336168}.Debug|Any CPU.ActiveCfg = Debug|Any CPU
		{D7670377-938F-4E76-889A-8A3397336168}.Debug|Any CPU.Build.0 = Debug|Any CPU
		{D7670377-938F-4E76-889A-8A3397336168}.Release|Any CPU.ActiveCfg = Release|Any CPU
		{D7670377-938F-4E76-889A-8A3397336168}.Release|Any CPU.Build.0 = Release|Any CPU
		{F1414FDF-86A7-4AF1-8DA2-AD3E5A8C3DD5}.Debug|Any CPU.ActiveCfg = Debug|Any CPU
		{F1414FDF-86A7-4AF1-8DA2-AD3E5A8C3DD5}.Debug|Any CPU.Build.0 = Debug|Any CPU
		{F1414FDF-86A7-4AF1-8DA2-AD3E5A8C3DD5}.Release|Any CPU.ActiveCfg = Release|Any CPU
		{F1414FDF-86A7-4AF1-8DA2-AD3E5A8C3DD5}.Release|Any CPU.Build.0 = Release|Any CPU
		{1E04B136-1CC5-4D68-8A0D-5CB2E103ABF5}.Debug|Any CPU.ActiveCfg = Debug|Any CPU
		{1E04B136-1CC5-4D68-8A0D-5CB2E103ABF5}.Debug|Any CPU.Build.0 = Debug|Any CPU
		{1E04B136-1CC5-4D68-8A0D-5CB2E103ABF5}.Release|Any CPU.ActiveCfg = Release|Any CPU
		{1E04B136-1CC5-4D68-8A0D-5CB2E103ABF5}.Release|Any CPU.Build.0 = Release|Any CPU
		{C521CCFB-21A3-4BC9-8EA6-EFB40A864B8A}.Debug|Any CPU.ActiveCfg = Debug|Any CPU
		{C521CCFB-21A3-4BC9-8EA6-EFB40A864B8A}.Debug|Any CPU.Build.0 = Debug|Any CPU
		{C521CCFB-21A3-4BC9-8EA6-EFB40A864B8A}.Release|Any CPU.ActiveCfg = Release|Any CPU
		{C521CCFB-21A3-4BC9-8EA6-EFB40A864B8A}.Release|Any CPU.Build.0 = Release|Any CPU
		{C1C18CD5-FE39-4118-BD2D-28E50DC4964C}.Debug|Any CPU.ActiveCfg = Debug|Any CPU
		{C1C18CD5-FE39-4118-BD2D-28E50DC4964C}.Debug|Any CPU.Build.0 = Debug|Any CPU
		{C1C18CD5-FE39-4118-BD2D-28E50DC4964C}.Release|Any CPU.ActiveCfg = Release|Any CPU
		{C1C18CD5-FE39-4118-BD2D-28E50DC4964C}.Release|Any CPU.Build.0 = Release|Any CPU
		{D87C1DC6-5725-4AED-980A-DC5224E21D72}.Debug|Any CPU.ActiveCfg = Debug|Any CPU
		{D87C1DC6-5725-4AED-980A-DC5224E21D72}.Debug|Any CPU.Build.0 = Debug|Any CPU
		{D87C1DC6-5725-4AED-980A-DC5224E21D72}.Release|Any CPU.ActiveCfg = Release|Any CPU
		{D87C1DC6-5725-4AED-980A-DC5224E21D72}.Release|Any CPU.Build.0 = Release|Any CPU
		{7C63B311-AD1B-4D82-BD98-403EBFC41F94}.Debug|Any CPU.ActiveCfg = Debug|Any CPU
		{7C63B311-AD1B-4D82-BD98-403EBFC41F94}.Debug|Any CPU.Build.0 = Debug|Any CPU
		{7C63B311-AD1B-4D82-BD98-403EBFC41F94}.Release|Any CPU.ActiveCfg = Release|Any CPU
		{7C63B311-AD1B-4D82-BD98-403EBFC41F94}.Release|Any CPU.Build.0 = Release|Any CPU
	EndGlobalSection
	GlobalSection(SolutionProperties) = preSolution
		HideSolutionNode = FALSE
	EndGlobalSection
	GlobalSection(NestedProjects) = preSolution
		{35904964-1BD1-47EA-A245-79790CF3D89D} = {9D96229D-CB2C-4F6A-B96C-0A743AAFEC33}
		{CF292ED2-A76D-4860-B77C-E1B572E341B0} = {9D96229D-CB2C-4F6A-B96C-0A743AAFEC33}
		{A246FC9F-2963-4E49-B2E8-50540650BE48} = {9D96229D-CB2C-4F6A-B96C-0A743AAFEC33}
		{FFD81ABC-39E4-4ECA-B2B8-4E4896698647} = {16800BDE-9717-4CED-A666-229D1B1892E8}
		{BAEF030E-801E-4FE0-BDF4-817E24ECDD32} = {16800BDE-9717-4CED-A666-229D1B1892E8}
		{918E60A7-E28B-4A83-A5FC-C8934CE2A52C} = {16800BDE-9717-4CED-A666-229D1B1892E8}
		{B9573884-13A9-42D0-8B12-1C2154BB5BA8} = {61DE6F77-5A2C-4903-AEA3-53DE9F3DBC09}
		{73691514-A03A-493B-BEA2-BBFF3FAAD634} = {61DE6F77-5A2C-4903-AEA3-53DE9F3DBC09}
		{25CDBB20-8E5D-4309-AE5C-30A0062299B9} = {61DE6F77-5A2C-4903-AEA3-53DE9F3DBC09}
		{FB598194-4F46-4189-A2E9-E4CE1F47B831} = {E70020C5-754B-460E-9D7A-20059357D61D}
		{0B9B8A7D-278D-4623-A8F1-A1BC394A52ED} = {E70020C5-754B-460E-9D7A-20059357D61D}
		{2B348B98-CDB8-4CEC-9B59-A94FA1C97DFE} = {E70020C5-754B-460E-9D7A-20059357D61D}
		{9331042B-8298-4645-B90E-7950E96EC7CF} = {BEB87AF1-20E9-4F6E-BD80-BEF1A03104BC}
		{D175F0C8-F4D1-4EA6-A70A-5A9B2D58EF1D} = {BEB87AF1-20E9-4F6E-BD80-BEF1A03104BC}
		{E6D72D6B-3D7D-4EB4-8A3D-3919512D0D77} = {BEB87AF1-20E9-4F6E-BD80-BEF1A03104BC}
		{045A2508-CCBD-4B3A-A126-554E064423A4} = {F4E8BC41-FA40-4629-A2FE-CDD21147DBA6}
		{3BC27E6E-D852-4736-9531-163B2D1CA9EB} = {F4E8BC41-FA40-4629-A2FE-CDD21147DBA6}
		{D7670377-938F-4E76-889A-8A3397336168} = {F4E8BC41-FA40-4629-A2FE-CDD21147DBA6}
		{F1414FDF-86A7-4AF1-8DA2-AD3E5A8C3DD5} = {506DC321-1897-4830-BC5E-E24673FAB018}
		{1E04B136-1CC5-4D68-8A0D-5CB2E103ABF5} = {506DC321-1897-4830-BC5E-E24673FAB018}
		{C521CCFB-21A3-4BC9-8EA6-EFB40A864B8A} = {506DC321-1897-4830-BC5E-E24673FAB018}
		{C1C18CD5-FE39-4118-BD2D-28E50DC4964C} = {733E9ECD-DF56-4CC8-8569-A4BDD47106D3}
		{D87C1DC6-5725-4AED-980A-DC5224E21D72} = {733E9ECD-DF56-4CC8-8569-A4BDD47106D3}
		{7C63B311-AD1B-4D82-BD98-403EBFC41F94} = {733E9ECD-DF56-4CC8-8569-A4BDD47106D3}
	EndGlobalSection
	GlobalSection(ExtensibilityGlobals) = postSolution
		SolutionGuid = {F9FF99C1-EB70-4BF3-BBC3-BDD7D5D92FA2}
	EndGlobalSection
EndGlobal
